{
  "name": "eshop-services-configuration",
  "version": "1.0.3",
  "lockfileVersion": 2,
  "requires": true,
  "packages": {
    "": {
      "name": "eshop-services-configuration",
      "version": "1.0.3",
      "devDependencies": {
        "@azure/functions": "^3.0.0",
        "@types/node": "16.x",
        "angular-auth-oidc-client": "^14.1.4",
        "typescript": "^4.0.0"
      }
    },
    "node_modules/@angular/common": {
      "version": "14.2.2",
      "resolved": "https://registry.npmjs.org/@angular/common/-/common-14.2.2.tgz",
      "integrity": "sha512-9h8MwFLvIJ5kB5L03cd3Cyl4ySKVzL/E/YYugfLvcAzYZ8Rief63gJnkcKNjoS1A5DTxHhOBQL7pLZpj+YxDOw==",
      "dev": true,
      "peer": true,
      "dependencies": {
        "tslib": "^2.3.0"
      },
      "engines": {
        "node": "^14.15.0 || >=16.10.0"
      },
      "peerDependencies": {
        "@angular/core": "14.2.2",
        "rxjs": "^6.5.3 || ^7.4.0"
      }
    },
    "node_modules/@angular/core": {
      "version": "14.2.2",
      "resolved": "https://registry.npmjs.org/@angular/core/-/core-14.2.2.tgz",
      "integrity": "sha512-kG30b4RqjgWvaH9y4g95JRCzoROV+9/xgFH4hSRejFa/IcapMfvCmONJtJzwTjdsEUQAbiFohF/z9bx3QA/Yvw==",
      "dev": true,
      "peer": true,
      "dependencies": {
        "tslib": "^2.3.0"
      },
      "engines": {
        "node": "^14.15.0 || >=16.10.0"
      },
      "peerDependencies": {
        "rxjs": "^6.5.3 || ^7.4.0",
        "zone.js": "~0.11.4"
      }
    },
    "node_modules/@angular/platform-browser": {
      "version": "14.2.2",
      "resolved": "https://registry.npmjs.org/@angular/platform-browser/-/platform-browser-14.2.2.tgz",
      "integrity": "sha512-1NrtOIvevoDDT6DU+Fsm5TsNN/XJhIV/UhfInmU/rz97RERl8etcOQRsxWnjGwZjk9rjt+0lBbW5oVDFKOJa+w==",
      "dev": true,
      "peer": true,
      "dependencies": {
        "tslib": "^2.3.0"
      },
      "engines": {
        "node": "^14.15.0 || >=16.10.0"
      },
      "peerDependencies": {
        "@angular/animations": "14.2.2",
        "@angular/common": "14.2.2",
        "@angular/core": "14.2.2"
      },
      "peerDependenciesMeta": {
        "@angular/animations": {
          "optional": true
        }
      }
    },
    "node_modules/@angular/router": {
      "version": "14.2.2",
      "resolved": "https://registry.npmjs.org/@angular/router/-/router-14.2.2.tgz",
      "integrity": "sha512-BRkXdAVK0rE/x6im91a/fdIcWhPILO6ZmwCVTEdvsRyI9arQSlXAnupPUeumdbSc6mG/FCXPcyJq/dU0Jl70Og==",
      "dev": true,
      "peer": true,
      "dependencies": {
        "tslib": "^2.3.0"
      },
      "engines": {
        "node": "^14.15.0 || >=16.10.0"
      },
      "peerDependencies": {
        "@angular/common": "14.2.2",
        "@angular/core": "14.2.2",
        "@angular/platform-browser": "14.2.2",
        "rxjs": "^6.5.3 || ^7.4.0"
      }
    },
    "node_modules/@azure/functions": {
      "version": "3.2.0",
      "resolved": "https://registry.npmjs.org/@azure/functions/-/functions-3.2.0.tgz",
      "integrity": "sha512-HbE7iORnYcjLzKNf5mIQRJQDTsVxhoXHRWEZ6KWdGh4e7+F9xTloiBicavbSoVmlAYivenIVpryHanVwsQaHUw==",
      "dev": true
    },
    "node_modules/@types/node": {
      "version": "16.11.47",
      "resolved": "https://registry.npmjs.org/@types/node/-/node-16.11.47.tgz",
      "integrity": "sha512-fpP+jk2zJ4VW66+wAMFoBJlx1bxmBKx4DUFf68UHgdGCOuyUTDlLWqsaNPJh7xhNDykyJ9eIzAygilP/4WoN8g==",
      "dev": true
    },
    "node_modules/angular-auth-oidc-client": {
      "version": "14.1.4",
      "resolved": "https://registry.npmjs.org/angular-auth-oidc-client/-/angular-auth-oidc-client-14.1.4.tgz",
      "integrity": "sha512-LiYWF1jK5uveOB0n8liXdo1TgRlE0ciw5A/1CbhZTm2X/GXzbszOOGRq0IS1vi+NOPy6neud1gTWw+4J1RfYHQ==",
      "dev": true,
      "dependencies": {
        "rfc4648": "^1.5.0",
        "tslib": "^2.3.0"
      },
      "peerDependencies": {
        "@angular/common": ">=13.0.0",
        "@angular/core": ">=13.0.0",
        "@angular/router": ">=13.0.0",
        "rxjs": "^6.5.3 || ^7.4.0"
      }
    },
    "node_modules/rfc4648": {
      "version": "1.5.2",
      "resolved": "https://registry.npmjs.org/rfc4648/-/rfc4648-1.5.2.tgz",
      "integrity": "sha512-tLOizhR6YGovrEBLatX1sdcuhoSCXddw3mqNVAcKxGJ+J0hFeJ+SjeWCv5UPA/WU3YzWPPuCVYgXBKZUPGpKtg==",
      "dev": true
    },
    "node_modules/rxjs": {
      "version": "7.5.6",
      "resolved": "https://registry.npmjs.org/rxjs/-/rxjs-7.5.6.tgz",
      "integrity": "sha512-dnyv2/YsXhnm461G+R/Pe5bWP41Nm6LBXEYWI6eiFP4fiwx6WRI/CD0zbdVAudd9xwLEF2IDcKXLHit0FYjUzw==",
      "dev": true,
      "peer": true,
      "dependencies": {
        "tslib": "^2.1.0"
      }
    },
    "node_modules/tslib": {
      "version": "2.4.0",
      "resolved": "https://registry.npmjs.org/tslib/-/tslib-2.4.0.tgz",
      "integrity": "sha512-d6xOpEDfsi2CZVlPQzGeux8XMwLT9hssAsaPYExaQMuYskwb+x1x7J371tWlbBdWHroy99KnVB6qIkUbs5X3UQ==",
      "dev": true
    },
    "node_modules/typescript": {
      "version": "4.7.4",
      "resolved": "https://registry.npmjs.org/typescript/-/typescript-4.7.4.tgz",
      "integrity": "sha512-C0WQT0gezHuw6AdY1M2jxUO83Rjf0HP7Sk1DtXj6j1EwkQNZrHAg2XPWlq62oqEhYvONq5pkC2Y9oPljWToLmQ==",
      "dev": true,
      "bin": {
        "tsc": "bin/tsc",
        "tsserver": "bin/tsserver"
      },
      "engines": {
        "node": ">=4.2.0"
      }
    },
    "node_modules/zone.js": {
      "version": "0.11.8",
      "resolved": "https://registry.npmjs.org/zone.js/-/zone.js-0.11.8.tgz",
      "integrity": "sha512-82bctBg2hKcEJ21humWIkXRlLBBmrc3nN7DFh5LGGhcyycO2S7FN8NmdvlcKaGFDNVL4/9kFLmwmInTavdJERA==",
      "dev": true,
      "peer": true,
      "dependencies": {
        "tslib": "^2.3.0"
      }
    }
  },
  "dependencies": {
    "@angular/common": {
      "version": "14.2.2",
      "resolved": "https://registry.npmjs.org/@angular/common/-/common-14.2.2.tgz",
      "integrity": "sha512-9h8MwFLvIJ5kB5L03cd3Cyl4ySKVzL/E/YYugfLvcAzYZ8Rief63gJnkcKNjoS1A5DTxHhOBQL7pLZpj+YxDOw==",
      "dev": true,
      "peer": true,
      "requires": {
        "tslib": "^2.3.0"
      }
    },
    "@angular/core": {
      "version": "14.2.2",
      "resolved": "https://registry.npmjs.org/@angular/core/-/core-14.2.2.tgz",
      "integrity": "sha512-kG30b4RqjgWvaH9y4g95JRCzoROV+9/xgFH4hSRejFa/IcapMfvCmONJtJzwTjdsEUQAbiFohF/z9bx3QA/Yvw==",
      "dev": true,
      "peer": true,
      "requires": {
        "tslib": "^2.3.0"
      }
    },
    "@angular/platform-browser": {
      "version": "14.2.2",
      "resolved": "https://registry.npmjs.org/@angular/platform-browser/-/platform-browser-14.2.2.tgz",
      "integrity": "sha512-1NrtOIvevoDDT6DU+Fsm5TsNN/XJhIV/UhfInmU/rz97RERl8etcOQRsxWnjGwZjk9rjt+0lBbW5oVDFKOJa+w==",
      "dev": true,
      "peer": true,
      "requires": {
        "tslib": "^2.3.0"
      }
    },
    "@angular/router": {
      "version": "14.2.2",
      "resolved": "https://registry.npmjs.org/@angular/router/-/router-14.2.2.tgz",
      "integrity": "sha512-BRkXdAVK0rE/x6im91a/fdIcWhPILO6ZmwCVTEdvsRyI9arQSlXAnupPUeumdbSc6mG/FCXPcyJq/dU0Jl70Og==",
      "dev": true,
      "peer": true,
      "requires": {
        "tslib": "^2.3.0"
      }
    },
    "@azure/functions": {
      "version": "3.2.0",
      "resolved": "https://registry.npmjs.org/@azure/functions/-/functions-3.2.0.tgz",
      "integrity": "sha512-HbE7iORnYcjLzKNf5mIQRJQDTsVxhoXHRWEZ6KWdGh4e7+F9xTloiBicavbSoVmlAYivenIVpryHanVwsQaHUw==",
      "dev": true
    },
    "@types/node": {
      "version": "16.11.47",
      "resolved": "https://registry.npmjs.org/@types/node/-/node-16.11.47.tgz",
      "integrity": "sha512-fpP+jk2zJ4VW66+wAMFoBJlx1bxmBKx4DUFf68UHgdGCOuyUTDlLWqsaNPJh7xhNDykyJ9eIzAygilP/4WoN8g==",
      "dev": true
    },
    "angular-auth-oidc-client": {
      "version": "14.1.4",
      "resolved": "https://registry.npmjs.org/angular-auth-oidc-client/-/angular-auth-oidc-client-14.1.4.tgz",
      "integrity": "sha512-LiYWF1jK5uveOB0n8liXdo1TgRlE0ciw5A/1CbhZTm2X/GXzbszOOGRq0IS1vi+NOPy6neud1gTWw+4J1RfYHQ==",
      "dev": true,
      "requires": {
        "rfc4648": "^1.5.0",
        "tslib": "^2.3.0"
      }
    },
    "rfc4648": {
      "version": "1.5.2",
      "resolved": "https://registry.npmjs.org/rfc4648/-/rfc4648-1.5.2.tgz",
      "integrity": "sha512-tLOizhR6YGovrEBLatX1sdcuhoSCXddw3mqNVAcKxGJ+J0hFeJ+SjeWCv5UPA/WU3YzWPPuCVYgXBKZUPGpKtg==",
      "dev": true
    },
    "rxjs": {
      "version": "7.5.6",
      "resolved": "https://registry.npmjs.org/rxjs/-/rxjs-7.5.6.tgz",
      "integrity": "sha512-dnyv2/YsXhnm461G+R/Pe5bWP41Nm6LBXEYWI6eiFP4fiwx6WRI/CD0zbdVAudd9xwLEF2IDcKXLHit0FYjUzw==",
      "dev": true,
      "peer": true,
      "requires": {
        "tslib": "^2.1.0"
      }
    },
    "tslib": {
      "version": "2.4.0",
      "resolved": "https://registry.npmjs.org/tslib/-/tslib-2.4.0.tgz",
      "integrity": "sha512-d6xOpEDfsi2CZVlPQzGeux8XMwLT9hssAsaPYExaQMuYskwb+x1x7J371tWlbBdWHroy99KnVB6qIkUbs5X3UQ==",
      "dev": true
    },
    "typescript": {
      "version": "4.7.4",
      "resolved": "https://registry.npmjs.org/typescript/-/typescript-4.7.4.tgz",
      "integrity": "sha512-C0WQT0gezHuw6AdY1M2jxUO83Rjf0HP7Sk1DtXj6j1EwkQNZrHAg2XPWlq62oqEhYvONq5pkC2Y9oPljWToLmQ==",
      "dev": true
    },
    "zone.js": {
      "version": "0.11.8",
      "resolved": "https://registry.npmjs.org/zone.js/-/zone.js-0.11.8.tgz",
      "integrity": "sha512-82bctBg2hKcEJ21humWIkXRlLBBmrc3nN7DFh5LGGhcyycO2S7FN8NmdvlcKaGFDNVL4/9kFLmwmInTavdJERA==",
      "dev": true,
      "peer": true,
      "requires": {
        "tslib": "^2.3.0"
      }
    }
  }
}
